// !$*UTF8*$!
{
	archiveVersion = 1;
	classes = {
	};
	objectVersion = 56;
	objects = {

/* Begin PBXBuildFile section */
		B434FC252A49C7AE00DFD52A /* CardComponent.swift in Sources */ = {isa = PBXBuildFile; fileRef = B434FC242A49C7AE00DFD52A /* CardComponent.swift */; };
		B4672B202A13C2DE0054B83F /* SwiftUITutorialsApp.swift in Sources */ = {isa = PBXBuildFile; fileRef = B4672B1F2A13C2DE0054B83F /* SwiftUITutorialsApp.swift */; };
		B4672B222A13C2DE0054B83F /* ContentView.swift in Sources */ = {isa = PBXBuildFile; fileRef = B4672B212A13C2DE0054B83F /* ContentView.swift */; };
		B4672B242A13C2DF0054B83F /* Assets.xcassets in Resources */ = {isa = PBXBuildFile; fileRef = B4672B232A13C2DF0054B83F /* Assets.xcassets */; };
		B4672B282A13C2DF0054B83F /* Preview Assets.xcassets in Resources */ = {isa = PBXBuildFile; fileRef = B4672B272A13C2DF0054B83F /* Preview Assets.xcassets */; };
		B473966C2A59708D00E95EB8 /* roundedRectangle.swift in Sources */ = {isa = PBXBuildFile; fileRef = B473966B2A59708D00E95EB8 /* roundedRectangle.swift */; };
		B4CA4C462A48653D00F3583B /* GeometryReadermidx.swift in Sources */ = {isa = PBXBuildFile; fileRef = B4CA4C452A48653D00F3583B /* GeometryReadermidx.swift */; };
		B4F769382A5D18CD00F66D26 /* MovableGrids.swift in Sources */ = {isa = PBXBuildFile; fileRef = B4F769372A5D18CD00F66D26 /* MovableGrids.swift */; };
		B4F7693A2A5EA80900F66D26 /* NoteUI.swift in Sources */ = {isa = PBXBuildFile; fileRef = B4F769392A5EA80900F66D26 /* NoteUI.swift */; };
		B4F8ED652A51CB4900AC8B75 /* MultipleSheets.swift in Sources */ = {isa = PBXBuildFile; fileRef = B4F8ED642A51CB4900AC8B75 /* MultipleSheets.swift */; };
/* End PBXBuildFile section */

/* Begin PBXFileReference section */
		B434FC242A49C7AE00DFD52A /* CardComponent.swift */ = {isa = PBXFileReference; lastKnownFileType = sourcecode.swift; path = CardComponent.swift; sourceTree = "<group>"; };
		B4672B1C2A13C2DE0054B83F /* SwiftUITutorials.app */ = {isa = PBXFileReference; explicitFileType = wrapper.application; includeInIndex = 0; path = SwiftUITutorials.app; sourceTree = BUILT_PRODUCTS_DIR; };
		B4672B1F2A13C2DE0054B83F /* SwiftUITutorialsApp.swift */ = {isa = PBXFileReference; lastKnownFileType = sourcecode.swift; path = SwiftUITutorialsApp.swift; sourceTree = "<group>"; };
		B4672B212A13C2DE0054B83F /* ContentView.swift */ = {isa = PBXFileReference; lastKnownFileType = sourcecode.swift; path = ContentView.swift; sourceTree = "<group>"; };
		B4672B232A13C2DF0054B83F /* Assets.xcassets */ = {isa = PBXFileReference; lastKnownFileType = folder.assetcatalog; path = Assets.xcassets; sourceTree = "<group>"; };
		B4672B252A13C2DF0054B83F /* SwiftUITutorials.entitlements */ = {isa = PBXFileReference; lastKnownFileType = text.plist.entitlements; path = SwiftUITutorials.entitlements; sourceTree = "<group>"; };
		B4672B272A13C2DF0054B83F /* Preview Assets.xcassets */ = {isa = PBXFileReference; lastKnownFileType = folder.assetcatalog; path = "Preview Assets.xcassets"; sourceTree = "<group>"; };
		B473966B2A59708D00E95EB8 /* roundedRectangle.swift */ = {isa = PBXFileReference; lastKnownFileType = sourcecode.swift; path = roundedRectangle.swift; sourceTree = "<group>"; };
		B4CA4C452A48653D00F3583B /* GeometryReadermidx.swift */ = {isa = PBXFileReference; lastKnownFileType = sourcecode.swift; path = GeometryReadermidx.swift; sourceTree = "<group>"; };
		B4F769372A5D18CD00F66D26 /* MovableGrids.swift */ = {isa = PBXFileReference; lastKnownFileType = sourcecode.swift; path = MovableGrids.swift; sourceTree = "<group>"; };
		B4F769392A5EA80900F66D26 /* NoteUI.swift */ = {isa = PBXFileReference; lastKnownFileType = sourcecode.swift; path = NoteUI.swift; sourceTree = "<group>"; };
		B4F8ED642A51CB4900AC8B75 /* MultipleSheets.swift */ = {isa = PBXFileReference; lastKnownFileType = sourcecode.swift; path = MultipleSheets.swift; sourceTree = "<group>"; };
/* End PBXFileReference section */

/* Begin PBXFrameworksBuildPhase section */
		B4672B192A13C2DE0054B83F /* Frameworks */ = {
			isa = PBXFrameworksBuildPhase;
			buildActionMask = 2147483647;
			files = (
			);
			runOnlyForDeploymentPostprocessing = 0;
		};
/* End PBXFrameworksBuildPhase section */

/* Begin PBXGroup section */
		B4672B132A13C2DE0054B83F = {
			isa = PBXGroup;
			children = (
				B4672B1E2A13C2DE0054B83F /* SwiftUITutorials */,
				B4672B1D2A13C2DE0054B83F /* Products */,
			);
			sourceTree = "<group>";
		};
		B4672B1D2A13C2DE0054B83F /* Products */ = {
			isa = PBXGroup;
			children = (
				B4672B1C2A13C2DE0054B83F /* SwiftUITutorials.app */,
			);
			name = Products;
			sourceTree = "<group>";
		};
		B4672B1E2A13C2DE0054B83F /* SwiftUITutorials */ = {
			isa = PBXGroup;
			children = (
				B4672B1F2A13C2DE0054B83F /* SwiftUITutorialsApp.swift */,
				B4672B212A13C2DE0054B83F /* ContentView.swift */,
				B4CA4C452A48653D00F3583B /* GeometryReadermidx.swift */,
				B434FC242A49C7AE00DFD52A /* CardComponent.swift */,
				B4F8ED642A51CB4900AC8B75 /* MultipleSheets.swift */,
				B473966B2A59708D00E95EB8 /* roundedRectangle.swift */,
				B4F769372A5D18CD00F66D26 /* MovableGrids.swift */,
				B4F769392A5EA80900F66D26 /* NoteUI.swift */,
				B4672B232A13C2DF0054B83F /* Assets.xcassets */,
				B4672B252A13C2DF0054B83F /* SwiftUITutorials.entitlements */,
				B4672B262A13C2DF0054B83F /* Preview Content */,
			);
			path = SwiftUITutorials;
			sourceTree = "<group>";
		};
		B4672B262A13C2DF0054B83F /* Preview Content */ = {
			isa = PBXGroup;
			children = (
				B4672B272A13C2DF0054B83F /* Preview Assets.xcassets */,
			);
			path = "Preview Content";
			sourceTree = "<group>";
		};
/* End PBXGroup section */

/* Begin PBXNativeTarget section */
		B4672B1B2A13C2DE0054B83F /* SwiftUITutorials */ = {
			isa = PBXNativeTarget;
			buildConfigurationList = B4672B2B2A13C2DF0054B83F /* Build configuration list for PBXNativeTarget "SwiftUITutorials" */;
			buildPhases = (
				B4672B182A13C2DE0054B83F /* Sources */,
				B4672B192A13C2DE0054B83F /* Frameworks */,
				B4672B1A2A13C2DE0054B83F /* Resources */,
			);
			buildRules = (
			);
			dependencies = (
			);
			name = SwiftUITutorials;
			productName = SwiftUITutorials;
			productReference = B4672B1C2A13C2DE0054B83F /* SwiftUITutorials.app */;
			productType = "com.apple.product-type.application";
		};
/* End PBXNativeTarget section */

/* Begin PBXProject section */
		B4672B142A13C2DE0054B83F /* Project object */ = {
			isa = PBXProject;
			attributes = {
				BuildIndependentTargetsInParallel = 1;
				LastSwiftUpdateCheck = 1430;
				LastUpgradeCheck = 1430;
				TargetAttributes = {
					B4672B1B2A13C2DE0054B83F = {
						CreatedOnToolsVersion = 14.3;
					};
				};
			};
			buildConfigurationList = B4672B172A13C2DE0054B83F /* Build configuration list for PBXProject "SwiftUITutorials" */;
			compatibilityVersion = "Xcode 14.0";
			developmentRegion = en;
			hasScannedForEncodings = 0;
			knownRegions = (
				en,
				Base,
			);
			mainGroup = B4672B132A13C2DE0054B83F;
			productRefGroup = B4672B1D2A13C2DE0054B83F /* Products */;
			projectDirPath = "";
			projectRoot = "";
			targets = (
				B4672B1B2A13C2DE0054B83F /* SwiftUITutorials */,
			);
		};
/* End PBXProject section */

/* Begin PBXResourcesBuildPhase section */
		B4672B1A2A13C2DE0054B83F /* Resources */ = {
			isa = PBXResourcesBuildPhase;
			buildActionMask = 2147483647;
			files = (
				B4672B282A13C2DF0054B83F /* Preview Assets.xcassets in Resources */,
				B4672B242A13C2DF0054B83F /* Assets.xcassets in Resources */,
			);
			runOnlyForDeploymentPostprocessing = 0;
		};
/* End PBXResourcesBuildPhase section */

/* Begin PBXSourcesBuildPhase section */
		B4672B182A13C2DE0054B83F /* Sources */ = {
			isa = PBXSourcesBuildPhase;
			buildActionMask = 2147483647;
			files = (
				B4672B222A13C2DE0054B83F /* ContentView.swift in Sources */,
				B473966C2A59708D00E95EB8 /* roundedRectangle.swift in Sources */,
				B4CA4C462A48653D00F3583B /* GeometryReadermidx.swift in Sources */,
				B4F7693A2A5EA80900F66D26 /* NoteUI.swift in Sources */,
				B4672B202A13C2DE0054B83F /* SwiftUITutorialsApp.swift in Sources */,
				B4F8ED652A51CB4900AC8B75 /* MultipleSheets.swift in Sources */,
				B4F769382A5D18CD00F66D26 /* MovableGrids.swift in Sources */,
				B434FC252A49C7AE00DFD52A /* CardComponent.swift in Sources */,
			);
			runOnlyForDeploymentPostprocessing = 0;
		};
/* End PBXSourcesBuildPhase section */

/* Begin XCBuildConfiguration section */
		B4672B292A13C2DF0054B83F /* Debug */ = {
			isa = XCBuildConfiguration;
			buildSettings = {
				ALWAYS_SEARCH_USER_PATHS = NO;
				CLANG_ANALYZER_NONNULL = YES;
				CLANG_ANALYZER_NUMBER_OBJECT_CONVERSION = YES_AGGRESSIVE;
				CLANG_CXX_LANGUAGE_STANDARD = "gnu++20";
				CLANG_ENABLE_MODULES = YES;
				CLANG_ENABLE_OBJC_ARC = YES;
				CLANG_ENABLE_OBJC_WEAK = YES;
				CLANG_WARN_BLOCK_CAPTURE_AUTORELEASING = YES;
				CLANG_WARN_BOOL_CONVERSION = YES;
				CLANG_WARN_COMMA = YES;
				CLANG_WARN_CONSTANT_CONVERSION = YES;
				CLANG_WARN_DEPRECATED_OBJC_IMPLEMENTATIONS = YES;
				CLANG_WARN_DIRECT_OBJC_ISA_USAGE = YES_ERROR;
				CLANG_WARN_DOCUMENTATION_COMMENTS = YES;
				CLANG_WARN_EMPTY_BODY = YES;
				CLANG_WARN_ENUM_CONVERSION = YES;
				CLANG_WARN_INFINITE_RECURSION = YES;
				CLANG_WARN_INT_CONVERSION = YES;
				CLANG_WARN_NON_LITERAL_NULL_CONVERSION = YES;
				CLANG_WARN_OBJC_IMPLICIT_RETAIN_SELF = YES;
				CLANG_WARN_OBJC_LITERAL_CONVERSION = YES;
				CLANG_WARN_OBJC_ROOT_CLASS = YES_ERROR;
				CLANG_WARN_QUOTED_INCLUDE_IN_FRAMEWORK_HEADER = YES;
				CLANG_WARN_RANGE_LOOP_ANALYSIS = YES;
				CLANG_WARN_STRICT_PROTOTYPES = YES;
				CLANG_WARN_SUSPICIOUS_MOVE = YES;
				CLANG_WARN_UNGUARDED_AVAILABILITY = YES_AGGRESSIVE;
				CLANG_WARN_UNREACHABLE_CODE = YES;
				CLANG_WARN__DUPLICATE_METHOD_MATCH = YES;
				COPY_PHASE_STRIP = NO;
				DEBUG_INFORMATION_FORMAT = dwarf;
				ENABLE_STRICT_OBJC_MSGSEND = YES;
				ENABLE_TESTABILITY = YES;
				GCC_C_LANGUAGE_STANDARD = gnu11;
				GCC_DYNAMIC_NO_PIC = NO;
				GCC_NO_COMMON_BLOCKS = YES;
				GCC_OPTIMIZATION_LEVEL = 0;
				GCC_PREPROCESSOR_DEFINITIONS = (
					"DEBUG=1",
					"$(inherited)",
				);
				GCC_WARN_64_TO_32_BIT_CONVERSION = YES;
				GCC_WARN_ABOUT_RETURN_TYPE = YES_ERROR;
				GCC_WARN_UNDECLARED_SELECTOR = YES;
				GCC_WARN_UNINITIALIZED_AUTOS = YES_AGGRESSIVE;
				GCC_WARN_UNUSED_FUNCTION = YES;
				GCC_WARN_UNUSED_VARIABLE = YES;
				MTL_ENABLE_DEBUG_INFO = INCLUDE_SOURCE;
				MTL_FAST_MATH = YES;
				ONLY_ACTIVE_ARCH = YES;
				SWIFT_ACTIVE_COMPILATION_CONDITIONS = DEBUG;
				SWIFT_OPTIMIZATION_LEVEL = "-Onone";
			};
			name = Debug;
		};
		B4672B2A2A13C2DF0054B83F /* Release */ = {
			isa = XCBuildConfiguration;
			buildSettings = {
				ALWAYS_SEARCH_USER_PATHS = NO;
				CLANG_ANALYZER_NONNULL = YES;
				CLANG_ANALYZER_NUMBER_OBJECT_CONVERSION = YES_AGGRESSIVE;
				CLANG_CXX_LANGUAGE_STANDARD = "gnu++20";
				CLANG_ENABLE_MODULES = YES;
				CLANG_ENABLE_OBJC_ARC = YES;
				CLANG_ENABLE_OBJC_WEAK = YES;
				CLANG_WARN_BLOCK_CAPTURE_AUTORELEASING = YES;
				CLANG_WARN_BOOL_CONVERSION = YES;
				CLANG_WARN_COMMA = YES;
				CLANG_WARN_CONSTANT_CONVERSION = YES;
				CLANG_WARN_DEPRECATED_OBJC_IMPLEMENTATIONS = YES;
				CLANG_WARN_DIRECT_OBJC_ISA_USAGE = YES_ERROR;
				CLANG_WARN_DOCUMENTATION_COMMENTS = YES;
				CLANG_WARN_EMPTY_BODY = YES;
				CLANG_WARN_ENUM_CONVERSION = YES;
				CLANG_WARN_INFINITE_RECURSION = YES;
				CLANG_WARN_INT_CONVERSION = YES;
				CLANG_WARN_NON_LITERAL_NULL_CONVERSION = YES;
				CLANG_WARN_OBJC_IMPLICIT_RETAIN_SELF = YES;
				CLANG_WARN_OBJC_LITERAL_CONVERSION = YES;
				CLANG_WARN_OBJC_ROOT_CLASS = YES_ERROR;
				CLANG_WARN_QUOTED_INCLUDE_IN_FRAMEWORK_HEADER = YES;
				CLANG_WARN_RANGE_LOOP_ANALYSIS = YES;
				CLANG_WARN_STRICT_PROTOTYPES = YES;
				CLANG_WARN_SUSPICIOUS_MOVE = YES;
				CLANG_WARN_UNGUARDED_AVAILABILITY = YES_AGGRESSIVE;
				CLANG_WARN_UNREACHABLE_CODE = YES;
				CLANG_WARN__DUPLICATE_METHOD_MATCH = YES;
				COPY_PHASE_STRIP = NO;
				DEBUG_INFORMATION_FORMAT = "dwarf-with-dsym";
				ENABLE_NS_ASSERTIONS = NO;
				ENABLE_STRICT_OBJC_MSGSEND = YES;
				GCC_C_LANGUAGE_STANDARD = gnu11;
				GCC_NO_COMMON_BLOCKS = YES;
				GCC_WARN_64_TO_32_BIT_CONVERSION = YES;
				GCC_WARN_ABOUT_RETURN_TYPE = YES_ERROR;
				GCC_WARN_UNDECLARED_SELECTOR = YES;
				GCC_WARN_UNINITIALIZED_AUTOS = YES_AGGRESSIVE;
				GCC_WARN_UNUSED_FUNCTION = YES;
				GCC_WARN_UNUSED_VARIABLE = YES;
				MTL_ENABLE_DEBUG_INFO = NO;
				MTL_FAST_MATH = YES;
				SWIFT_COMPILATION_MODE = wholemodule;
				SWIFT_OPTIMIZATION_LEVEL = "-O";
			};
			name = Release;
		};
		B4672B2C2A13C2DF0054B83F /* Debug */ = {
			isa = XCBuildConfiguration;
			buildSettings = {
				ASSETCATALOG_COMPILER_APPICON_NAME = AppIcon;
				ASSETCATALOG_COMPILER_GLOBAL_ACCENT_COLOR_NAME = AccentColor;
				CODE_SIGN_ENTITLEMENTS = SwiftUITutorials/SwiftUITutorials.entitlements;
				CODE_SIGN_STYLE = Automatic;
				CURRENT_PROJECT_VERSION = 1;
				DEVELOPMENT_ASSET_PATHS = "\"SwiftUITutorials/Preview Content\"";
				DEVELOPMENT_TEAM = JXXZU5QJFC;
				ENABLE_HARDENED_RUNTIME = YES;
				ENABLE_PREVIEWS = YES;
				GENERATE_INFOPLIST_FILE = YES;
				"INFOPLIST_KEY_UIApplicationSceneManifest_Generation[sdk=iphoneos*]" = YES;
				"INFOPLIST_KEY_UIApplicationSceneManifest_Generation[sdk=iphonesimulator*]" = YES;
				"INFOPLIST_KEY_UIApplicationSupportsIndirectInputEvents[sdk=iphoneos*]" = YES;
				"INFOPLIST_KEY_UIApplicationSupportsIndirectInputEvents[sdk=iphonesimulator*]" = YES;
				"INFOPLIST_KEY_UILaunchScreen_Generation[sdk=iphoneos*]" = YES;
				"INFOPLIST_KEY_UILaunchScreen_Generation[sdk=iphonesimulator*]" = YES;
				"INFOPLIST_KEY_UIStatusBarStyle[sdk=iphoneos*]" = UIStatusBarStyleDefault;
				"INFOPLIST_KEY_UIStatusBarStyle[sdk=iphonesimulator*]" = UIStatusBarStyleDefault;
				INFOPLIST_KEY_UISupportedInterfaceOrientations_iPad = "UIInterfaceOrientationPortrait UIInterfaceOrientationPortraitUpsideDown UIInterfaceOrientationLandscapeLeft UIInterfaceOrientationLandscapeRight";
				INFOPLIST_KEY_UISupportedInterfaceOrientations_iPhone = "UIInterfaceOrientationPortrait UIInterfaceOrientationLandscapeLeft UIInterfaceOrientationLandscapeRight";
				IPHONEOS_DEPLOYMENT_TARGET = 16.4;
				LD_RUNPATH_SEARCH_PATHS = "@executable_path/Frameworks";
				"LD_RUNPATH_SEARCH_PATHS[sdk=macosx*]" = "@executable_path/../Frameworks";
				MACOSX_DEPLOYMENT_TARGET = 13.3;
				MARKETING_VERSION = 1.0;
				PRODUCT_BUNDLE_IDENTIFIER = kxx.SwiftUITutorials;
				PRODUCT_NAME = "$(TARGET_NAME)";
				SDKROOT = auto;
				SUPPORTED_PLATFORMS = "iphoneos iphonesimulator macosx";
				SWIFT_EMIT_LOC_STRINGS = YES;
				SWIFT_VERSION = 5.0;
				TARGETED_DEVICE_FAMILY = "1,2";
			};
			name = Debug;
		};
		B4672B2D2A13C2DF0054B83F /* Release */ = {
			isa = XCBuildConfiguration;
			buildSettings = {
				ASSETCATALOG_COMPILER_APPICON_NAME = AppIcon;
				ASSETCATALOG_COMPILER_GLOBAL_ACCENT_COLOR_NAME = AccentColor;
				CODE_SIGN_ENTITLEMENTS = SwiftUITutorials/SwiftUITutorials.entitlements;
				CODE_SIGN_STYLE = Automatic;
				CURRENT_PROJECT_VERSION = 1;
				DEVELOPMENT_ASSET_PATHS = "\"SwiftUITutorials/Preview Content\"";
				DEVELOPMENT_TEAM = JXXZU5QJFC;
				ENABLE_HARDENED_RUNTIME = YES;
				ENABLE_PREVIEWS = YES;
				GENERATE_INFOPLIST_FILE = YES;
				"INFOPLIST_KEY_UIApplicationSceneManifest_Generation[sdk=iphoneos*]" = YES;
				"INFOPLIST_KEY_UIApplicationSceneManifest_Generation[sdk=iphonesimulator*]" = YES;
				"INFOPLIST_KEY_UIApplicationSupportsIndirectInputEvents[sdk=iphoneos*]" = YES;
				"INFOPLIST_KEY_UIApplicationSupportsIndirectInputEvents[sdk=iphonesimulator*]" = YES;
				"INFOPLIST_KEY_UILaunchScreen_Generation[sdk=iphoneos*]" = YES;
				"INFOPLIST_KEY_UILaunchScreen_Generation[sdk=iphonesimulator*]" = YES;
				"INFOPLIST_KEY_UIStatusBarStyle[sdk=iphoneos*]" = UIStatusBarStyleDefault;
				"INFOPLIST_KEY_UIStatusBarStyle[sdk=iphonesimulator*]" = UIStatusBarStyleDefault;
				INFOPLIST_KEY_UISupportedInterfaceOrientations_iPad = "UIInterfaceOrientationPortrait UIInterfaceOrientationPortraitUpsideDown UIInterfaceOrientationLandscapeLeft UIInterfaceOrientationLandscapeRight";
				INFOPLIST_KEY_UISupportedInterfaceOrientations_iPhone = "UIInterfaceOrientationPortrait UIInterfaceOrientationLandscapeLeft UIInterfaceOrientationLandscapeRight";
				IPHONEOS_DEPLOYMENT_TARGET = 16.4;
				LD_RUNPATH_SEARCH_PATHS = "@executable_path/Frameworks";
				"LD_RUNPATH_SEARCH_PATHS[sdk=macosx*]" = "@executable_path/../Frameworks";
				MACOSX_DEPLOYMENT_TARGET = 13.3;
				MARKETING_VERSION = 1.0;
				PRODUCT_BUNDLE_IDENTIFIER = kxx.SwiftUITutorials;
				PRODUCT_NAME = "$(TARGET_NAME)";
				SDKROOT = auto;
				SUPPORTED_PLATFORMS = "iphoneos iphonesimulator macosx";
				SWIFT_EMIT_LOC_STRINGS = YES;
				SWIFT_VERSION = 5.0;
				TARGETED_DEVICE_FAMILY = "1,2";
			};
			name = Release;
		};
/* End XCBuildConfiguration section */

/* Begin XCConfigurationList section */
		B4672B172A13C2DE0054B83F /* Build configuration list for PBXProject "SwiftUITutorials" */ = {
			isa = XCConfigurationList;
			buildConfigurations = (
				B4672B292A13C2DF0054B83F /* Debug */,
				B4672B2A2A13C2DF0054B83F /* Release */,
			);
			defaultConfigurationIsVisible = 0;
			defaultConfigurationName = Release;
		};
		B4672B2B2A13C2DF0054B83F /* Build configuration list for PBXNativeTarget "SwiftUITutorials" */ = {
			isa = XCConfigurationList;
			buildConfigurations = (
				B4672B2C2A13C2DF0054B83F /* Debug */,
				B4672B2D2A13C2DF0054B83F /* Release */,
			);
			defaultConfigurationIsVisible = 0;
			defaultConfigurationName = Release;
		};
/* End XCConfigurationList section */
	};
	rootObject = B4672B142A13C2DE0054B83F /* Project object */;
}
